// !$*UTF8*$!
{
	archiveVersion = 1;
	classes = {
	};
	objectVersion = 46;
	objects = {

/* Begin PBXBuildFile section */
		6704007C833AD800F281D1AA /* Default-568h@2x.png in Resources */ = {isa = PBXBuildFile; fileRef = 6704049086FE435A9AC62D23 /* Default-568h@2x.png */; };
		67040163F4A5AF5C0D019050 /* InfoPlist.strings in Resources */ = {isa = PBXBuildFile; fileRef = 67040102ED8DCD575A5A2007 /* InfoPlist.strings */; };
		6704027CBC6E4C78751A2434 /* AppDelegate.m in Sources */ = {isa = PBXBuildFile; fileRef = 67040CE1B63249A03A40C811 /* AppDelegate.m */; };
		67040339CB87B732AE46A471 /* Foundation.framework in Frameworks */ = {isa = PBXBuildFile; fileRef = 6704026098E5DD5A70522DDB /* Foundation.framework */; };
		670406C749F57FD13681F358 /* SanityCheckTest.m in Sources */ = {isa = PBXBuildFile; fileRef = 6704077C8A205524B340B8A0 /* SanityCheckTest.m */; };
		670407A8BDDF8C0C228F207A /* UIKit.framework in Frameworks */ = {isa = PBXBuildFile; fileRef = 67040E99F19C7B159B626C99 /* UIKit.framework */; };
		670409A2991E07903F9B5B76 /* Foundation.framework in Frameworks */ = {isa = PBXBuildFile; fileRef = 6704026098E5DD5A70522DDB /* Foundation.framework */; };
		67040B76C35B9F088D25A572 /* ViewController.xib in Resources */ = {isa = PBXBuildFile; fileRef = 67040C897D055BE2D4A2A862 /* ViewController.xib */; };
		67040C8691D0319B46CA1596 /* UIKit.framework in Frameworks */ = {isa = PBXBuildFile; fileRef = 67040E99F19C7B159B626C99 /* UIKit.framework */; };
		67040CE44530E194E34350A6 /* ViewController.m in Sources */ = {isa = PBXBuildFile; fileRef = 670409937576F20798D2159A /* ViewController.m */; };
		67040D58AE5F7BEA2789063B /* InfoPlist.strings in Resources */ = {isa = PBXBuildFile; fileRef = 6704008F04BF19DC3262DD61 /* InfoPlist.strings */; };
		67040D849ECF8BABFB91FDCE /* Default.png in Resources */ = {isa = PBXBuildFile; fileRef = 67040B0E9B78D05965B77473 /* Default.png */; };
		67040DA33A9DE8F242743900 /* main.m in Sources */ = {isa = PBXBuildFile; fileRef = 67040C8763C69D4D1311042A /* main.m */; };
		67040E33698BA819E414A0DF /* libOCMock.a in Frameworks */ = {isa = PBXBuildFile; fileRef = 67040BB4D65AFD8D5ADDB308 /* libOCMock.a */; };
		67040ED8A25B11046C763C46 /* CoreGraphics.framework in Frameworks */ = {isa = PBXBuildFile; fileRef = 670407B1F21A0FBB0333EB61 /* CoreGraphics.framework */; };
		67040F24F7C764D1E4FCB2E9 /* SenTestingKit.framework in Frameworks */ = {isa = PBXBuildFile; fileRef = 67040B95EB1AA01F9DA20E94 /* SenTestingKit.framework */; };
		67040F2A55962A0458CFB1B7 /* Default@2x.png in Resources */ = {isa = PBXBuildFile; fileRef = 6704016FDFF2A84C7DE73911 /* Default@2x.png */; };
/* End PBXBuildFile section */

/* Begin PBXContainerItemProxy section */
		67040948A495E64118AED966 /* PBXContainerItemProxy */ = {
			isa = PBXContainerItemProxy;
			containerPortal = 670402EE113C3C975402A28F /* Project object */;
			proxyType = 1;
			remoteGlobalIDString = 6704018EDED424193AAAE3AB;
			remoteInfo = BankTransferTDDKata;
		};
/* End PBXContainerItemProxy section */

/* Begin PBXFileReference section */
		670400AEE026903660DA4694 /* BankTransferTDDKataTests.octest */ = {isa = PBXFileReference; explicitFileType = wrapper.cfbundle; includeInIndex = 0; path = BankTransferTDDKataTests.octest; sourceTree = BUILT_PRODUCTS_DIR; };
		6704016FDFF2A84C7DE73911 /* Default@2x.png */ = {isa = PBXFileReference; lastKnownFileType = image.png; path = "Default@2x.png"; sourceTree = "<group>"; };
		6704024F8CA7613449029E61 /* BankTransferTDDKata-Info.plist */ = {isa = PBXFileReference; lastKnownFileType = text.plist.info; path = "BankTransferTDDKata-Info.plist"; sourceTree = "<group>"; };
		6704026098E5DD5A70522DDB /* Foundation.framework */ = {isa = PBXFileReference; lastKnownFileType = wrapper.framework; name = Foundation.framework; path = System/Library/Frameworks/Foundation.framework; sourceTree = SDKROOT; };
		6704027F56D9F25886A8CAB5 /* BankTransferTDDKataTests-Info.plist */ = {isa = PBXFileReference; lastKnownFileType = text.plist.info; path = "BankTransferTDDKataTests-Info.plist"; sourceTree = "<group>"; };
		6704047388E26393B5FB12F0 /* OCMArg.h */ = {isa = PBXFileReference; fileEncoding = 4; lastKnownFileType = sourcecode.c.h; path = OCMArg.h; sourceTree = "<group>"; };
		6704049086FE435A9AC62D23 /* Default-568h@2x.png */ = {isa = PBXFileReference; lastKnownFileType = image.png; path = "Default-568h@2x.png"; sourceTree = "<group>"; };
		67040639F5E999276DCA24DC /* OCMock.h */ = {isa = PBXFileReference; fileEncoding = 4; lastKnownFileType = sourcecode.c.h; path = OCMock.h; sourceTree = "<group>"; };
		67040643F7550C3E5A5B8361 /* OCMockRecorder.h */ = {isa = PBXFileReference; fileEncoding = 4; lastKnownFileType = sourcecode.c.h; path = OCMockRecorder.h; sourceTree = "<group>"; };
		6704077C8A205524B340B8A0 /* SanityCheckTest.m */ = {isa = PBXFileReference; fileEncoding = 4; lastKnownFileType = sourcecode.c.objc; path = SanityCheckTest.m; sourceTree = "<group>"; };
		6704079400B748C71F570419 /* ViewController.h */ = {isa = PBXFileReference; lastKnownFileType = sourcecode.c.h; path = ViewController.h; sourceTree = "<group>"; };
		670407B1F21A0FBB0333EB61 /* CoreGraphics.framework */ = {isa = PBXFileReference; lastKnownFileType = wrapper.framework; name = CoreGraphics.framework; path = System/Library/Frameworks/CoreGraphics.framework; sourceTree = SDKROOT; };
		670408A8E83F0BF38147A413 /* OCMockObject.h */ = {isa = PBXFileReference; fileEncoding = 4; lastKnownFileType = sourcecode.c.h; path = OCMockObject.h; sourceTree = "<group>"; };
		6704091AD5FFA40A1AD9D84B /* en */ = {isa = PBXFileReference; lastKnownFileType = text.plist.strings; name = en; path = en.lproj/InfoPlist.strings; sourceTree = "<group>"; };
		670409937576F20798D2159A /* ViewController.m */ = {isa = PBXFileReference; lastKnownFileType = sourcecode.c.objc; path = ViewController.m; sourceTree = "<group>"; };
		67040A35470116C2C6404BDF /* en */ = {isa = PBXFileReference; lastKnownFileType = text.plist.strings; name = en; path = en.lproj/InfoPlist.strings; sourceTree = "<group>"; };
		67040B0E9B78D05965B77473 /* Default.png */ = {isa = PBXFileReference; lastKnownFileType = image.png; path = Default.png; sourceTree = "<group>"; };
		67040B95EB1AA01F9DA20E94 /* SenTestingKit.framework */ = {isa = PBXFileReference; lastKnownFileType = wrapper.framework; name = SenTestingKit.framework; path = Library/Frameworks/SenTestingKit.framework; sourceTree = DEVELOPER_DIR; };
		67040BB4D65AFD8D5ADDB308 /* libOCMock.a */ = {isa = PBXFileReference; lastKnownFileType = archive.ar; name = libOCMock.a; path = Libs/OCMock/iOS/libOCMock.a; sourceTree = "<group>"; };
		67040BC9BE4071395F5C72E6 /* NSNotificationCenter+OCMAdditions.h */ = {isa = PBXFileReference; fileEncoding = 4; lastKnownFileType = sourcecode.c.h; path = "NSNotificationCenter+OCMAdditions.h"; sourceTree = "<group>"; };
		67040C502265E4375DC3DE90 /* en */ = {isa = PBXFileReference; lastKnownFileType = file.xib; name = en; path = en.lproj/ViewController.xib; sourceTree = "<group>"; };
		67040C8763C69D4D1311042A /* main.m */ = {isa = PBXFileReference; lastKnownFileType = sourcecode.c.objc; path = main.m; sourceTree = "<group>"; };
		67040CE1B63249A03A40C811 /* AppDelegate.m */ = {isa = PBXFileReference; lastKnownFileType = sourcecode.c.objc; path = AppDelegate.m; sourceTree = "<group>"; };
		67040D592BEE95E72D69CFAC /* SanityCheckTest.h */ = {isa = PBXFileReference; fileEncoding = 4; lastKnownFileType = sourcecode.c.h; path = SanityCheckTest.h; sourceTree = "<group>"; };
		67040E4FAD401F3DB18EAF7C /* BankTransferTDDKata.app */ = {isa = PBXFileReference; explicitFileType = wrapper.application; includeInIndex = 0; path = BankTransferTDDKata.app; sourceTree = BUILT_PRODUCTS_DIR; };
		67040E6BBE0A9C699A1D9568 /* OCMConstraint.h */ = {isa = PBXFileReference; fileEncoding = 4; lastKnownFileType = sourcecode.c.h; path = OCMConstraint.h; sourceTree = "<group>"; };
		67040E99F19C7B159B626C99 /* UIKit.framework */ = {isa = PBXFileReference; lastKnownFileType = wrapper.framework; name = UIKit.framework; path = System/Library/Frameworks/UIKit.framework; sourceTree = SDKROOT; };
		67040E9DA2B7E1EC73E89F23 /* BankTransferTDDKata-Prefix.pch */ = {isa = PBXFileReference; lastKnownFileType = sourcecode.c.h; path = "BankTransferTDDKata-Prefix.pch"; sourceTree = "<group>"; };
		67040F6424FBE861FD5144D6 /* AppDelegate.h */ = {isa = PBXFileReference; lastKnownFileType = sourcecode.c.h; path = AppDelegate.h; sourceTree = "<group>"; };
/* End PBXFileReference section */

/* Begin PBXFrameworksBuildPhase section */
		6704028D4069EFCA648ECDE0 /* Frameworks */ = {
			isa = PBXFrameworksBuildPhase;
			buildActionMask = 2147483647;
			files = (
				67040F24F7C764D1E4FCB2E9 /* SenTestingKit.framework in Frameworks */,
				670407A8BDDF8C0C228F207A /* UIKit.framework in Frameworks */,
				67040339CB87B732AE46A471 /* Foundation.framework in Frameworks */,
				67040E33698BA819E414A0DF /* libOCMock.a in Frameworks */,
			);
			runOnlyForDeploymentPostprocessing = 0;
		};
		6704033A4B997F1C79E09A42 /* Frameworks */ = {
			isa = PBXFrameworksBuildPhase;
			buildActionMask = 2147483647;
			files = (
				67040C8691D0319B46CA1596 /* UIKit.framework in Frameworks */,
				670409A2991E07903F9B5B76 /* Foundation.framework in Frameworks */,
				67040ED8A25B11046C763C46 /* CoreGraphics.framework in Frameworks */,
			);
			runOnlyForDeploymentPostprocessing = 0;
		};
/* End PBXFrameworksBuildPhase section */

/* Begin PBXGroup section */
		6704014319717630313B19C8 /* BankTransferTDDKataTests */ = {
			isa = PBXGroup;
			children = (
				67040F3B40FB91E91A8CA7BC /* Supporting Files */,
				67040D592BEE95E72D69CFAC /* SanityCheckTest.h */,
				6704077C8A205524B340B8A0 /* SanityCheckTest.m */,
			);
			path = BankTransferTDDKataTests;
			sourceTree = "<group>";
		};
		670403ECA65F5F347114271F /* OCMock */ = {
			isa = PBXGroup;
			children = (
				67040BC9BE4071395F5C72E6 /* NSNotificationCenter+OCMAdditions.h */,
				6704047388E26393B5FB12F0 /* OCMArg.h */,
				67040E6BBE0A9C699A1D9568 /* OCMConstraint.h */,
				67040639F5E999276DCA24DC /* OCMock.h */,
				670408A8E83F0BF38147A413 /* OCMockObject.h */,
				67040643F7550C3E5A5B8361 /* OCMockRecorder.h */,
			);
			path = OCMock;
			sourceTree = "<group>";
		};
		6704046A161895A9BEC0E943 /* Supporting Files */ = {
			isa = PBXGroup;
			children = (
				6704024F8CA7613449029E61 /* BankTransferTDDKata-Info.plist */,
				67040102ED8DCD575A5A2007 /* InfoPlist.strings */,
				67040C8763C69D4D1311042A /* main.m */,
				67040E9DA2B7E1EC73E89F23 /* BankTransferTDDKata-Prefix.pch */,
				67040B0E9B78D05965B77473 /* Default.png */,
				6704016FDFF2A84C7DE73911 /* Default@2x.png */,
				6704049086FE435A9AC62D23 /* Default-568h@2x.png */,
			);
			name = "Supporting Files";
			sourceTree = "<group>";
		};
		670404D51AD13FA4913DBE12 /* Libs */ = {
			isa = PBXGroup;
			children = (
				67040F85A5197DC4653DA258 /* OCMock */,
			);
			path = Libs;
			sourceTree = "<group>";
		};
		6704080A9FC340C30F35062E /* Frameworks */ = {
			isa = PBXGroup;
			children = (
				67040E99F19C7B159B626C99 /* UIKit.framework */,
				6704026098E5DD5A70522DDB /* Foundation.framework */,
				670407B1F21A0FBB0333EB61 /* CoreGraphics.framework */,
				67040B95EB1AA01F9DA20E94 /* SenTestingKit.framework */,
				67040BB4D65AFD8D5ADDB308 /* libOCMock.a */,
			);
			name = Frameworks;
			sourceTree = "<group>";
		};
		670408B6866B4005E0180696 = {
			isa = PBXGroup;
			children = (
				67040C76DD2263863BD05D9D /* Products */,
				6704080A9FC340C30F35062E /* Frameworks */,
				67040E2047A8A9E95B5F4A8C /* BankTransferTDDKata */,
				6704014319717630313B19C8 /* BankTransferTDDKataTests */,
				670404D51AD13FA4913DBE12 /* Libs */,
			);
			sourceTree = "<group>";
		};
		670408D4B46B04F4A6002DA5 /* iOS */ = {
			isa = PBXGroup;
			children = (
				670403ECA65F5F347114271F /* OCMock */,
			);
			path = iOS;
			sourceTree = "<group>";
		};
		67040C76DD2263863BD05D9D /* Products */ = {
			isa = PBXGroup;
			children = (
				67040E4FAD401F3DB18EAF7C /* BankTransferTDDKata.app */,
				670400AEE026903660DA4694 /* BankTransferTDDKataTests.octest */,
			);
			name = Products;
			sourceTree = "<group>";
		};
		67040E2047A8A9E95B5F4A8C /* BankTransferTDDKata */ = {
			isa = PBXGroup;
			children = (
				6704046A161895A9BEC0E943 /* Supporting Files */,
				67040F6424FBE861FD5144D6 /* AppDelegate.h */,
				67040CE1B63249A03A40C811 /* AppDelegate.m */,
				6704079400B748C71F570419 /* ViewController.h */,
				670409937576F20798D2159A /* ViewController.m */,
				67040C897D055BE2D4A2A862 /* ViewController.xib */,
				67040F2BF6B7D3D03AFE147A /* ViewControllers */,
			);
			path = BankTransferTDDKata;
			sourceTree = "<group>";
		};
		67040F2BF6B7D3D03AFE147A /* ViewControllers */ = {
			isa = PBXGroup;
			children = (
			);
			path = ViewControllers;
			sourceTree = "<group>";
		};
		67040F3B40FB91E91A8CA7BC /* Supporting Files */ = {
			isa = PBXGroup;
			children = (
				6704027F56D9F25886A8CAB5 /* BankTransferTDDKataTests-Info.plist */,
				6704008F04BF19DC3262DD61 /* InfoPlist.strings */,
			);
			name = "Supporting Files";
			sourceTree = "<group>";
		};
		67040F85A5197DC4653DA258 /* OCMock */ = {
			isa = PBXGroup;
			children = (
				670408D4B46B04F4A6002DA5 /* iOS */,
			);
			path = OCMock;
			sourceTree = "<group>";
		};
/* End PBXGroup section */

/* Begin PBXNativeTarget section */
		6704018EDED424193AAAE3AB /* BankTransferTDDKata */ = {
			isa = PBXNativeTarget;
			buildConfigurationList = 6704093244B6C0D1E3DF482B /* Build configuration list for PBXNativeTarget "BankTransferTDDKata" */;
			buildPhases = (
				6704053A71DE813A512E5B2E /* Sources */,
				6704033A4B997F1C79E09A42 /* Frameworks */,
				67040A0AE59DF4DDCEC28781 /* Resources */,
			);
			buildRules = (
			);
			dependencies = (
			);
			name = BankTransferTDDKata;
			productName = BankTransferTDDKata;
			productReference = 67040E4FAD401F3DB18EAF7C /* BankTransferTDDKata.app */;
			productType = "com.apple.product-type.application";
		};
		670406A14246B133C12A73BA /* BankTransferTDDKataTests */ = {
			isa = PBXNativeTarget;
			buildConfigurationList = 67040B1BBFC02D23BD4343C6 /* Build configuration list for PBXNativeTarget "BankTransferTDDKataTests" */;
			buildPhases = (
				67040554AF114E2435E12086 /* Sources */,
				6704028D4069EFCA648ECDE0 /* Frameworks */,
				6704040C73195D5DAC9E8581 /* Resources */,
				67040B4571ED60E7FF01DE96 /* ShellScript */,
			);
			buildRules = (
			);
			dependencies = (
				670401573E12E94C02DA47E4 /* PBXTargetDependency */,
			);
			name = BankTransferTDDKataTests;
			productName = BankTransferTDDKataTests;
			productReference = 670400AEE026903660DA4694 /* BankTransferTDDKataTests.octest */;
			productType = "com.apple.product-type.bundle";
		};
/* End PBXNativeTarget section */

/* Begin PBXProject section */
		670402EE113C3C975402A28F /* Project object */ = {
			isa = PBXProject;
			buildConfigurationList = 67040D730CD512FD899B960F /* Build configuration list for PBXProject "BankTransferTDDKata" */;
			compatibilityVersion = "Xcode 3.2";
			developmentRegion = English;
			hasScannedForEncodings = 0;
			knownRegions = (
				en,
			);
			mainGroup = 670408B6866B4005E0180696;
			productRefGroup = 67040C76DD2263863BD05D9D /* Products */;
			projectDirPath = "";
			projectRoot = "";
			targets = (
				6704018EDED424193AAAE3AB /* BankTransferTDDKata */,
				670406A14246B133C12A73BA /* BankTransferTDDKataTests */,
			);
		};
/* End PBXProject section */

/* Begin PBXResourcesBuildPhase section */
		6704040C73195D5DAC9E8581 /* Resources */ = {
			isa = PBXResourcesBuildPhase;
			buildActionMask = 2147483647;
			files = (
				67040D58AE5F7BEA2789063B /* InfoPlist.strings in Resources */,
			);
			runOnlyForDeploymentPostprocessing = 0;
		};
		67040A0AE59DF4DDCEC28781 /* Resources */ = {
			isa = PBXResourcesBuildPhase;
			buildActionMask = 2147483647;
			files = (
				67040163F4A5AF5C0D019050 /* InfoPlist.strings in Resources */,
				67040D849ECF8BABFB91FDCE /* Default.png in Resources */,
				67040F2A55962A0458CFB1B7 /* Default@2x.png in Resources */,
				6704007C833AD800F281D1AA /* Default-568h@2x.png in Resources */,
				67040B76C35B9F088D25A572 /* ViewController.xib in Resources */,
			);
			runOnlyForDeploymentPostprocessing = 0;
		};
/* End PBXResourcesBuildPhase section */

/* Begin PBXShellScriptBuildPhase section */
		67040B4571ED60E7FF01DE96 /* ShellScript */ = {
			isa = PBXShellScriptBuildPhase;
			buildActionMask = 2147483647;
			files = (
			);
			inputPaths = (
			);
			outputPaths = (
			);
			runOnlyForDeploymentPostprocessing = 0;
			shellPath = /bin/sh;
			shellScript = "# Run the unit tests in this test bundle.\n\"${SYSTEM_DEVELOPER_DIR}/Tools/RunUnitTests\"\n";
		};
/* End PBXShellScriptBuildPhase section */

/* Begin PBXSourcesBuildPhase section */
		6704053A71DE813A512E5B2E /* Sources */ = {
			isa = PBXSourcesBuildPhase;
			buildActionMask = 2147483647;
			files = (
				67040DA33A9DE8F242743900 /* main.m in Sources */,
				6704027CBC6E4C78751A2434 /* AppDelegate.m in Sources */,
				67040CE44530E194E34350A6 /* ViewController.m in Sources */,
				670406C749F57FD13681F358 /* SanityCheckTest.m in Sources */,
			);
			runOnlyForDeploymentPostprocessing = 0;
		};
		67040554AF114E2435E12086 /* Sources */ = {
			isa = PBXSourcesBuildPhase;
			buildActionMask = 2147483647;
			files = (
			);
			runOnlyForDeploymentPostprocessing = 0;
		};
/* End PBXSourcesBuildPhase section */

/* Begin PBXTargetDependency section */
		670401573E12E94C02DA47E4 /* PBXTargetDependency */ = {
			isa = PBXTargetDependency;
			target = 6704018EDED424193AAAE3AB /* BankTransferTDDKata */;
			targetProxy = 67040948A495E64118AED966 /* PBXContainerItemProxy */;
		};
/* End PBXTargetDependency section */

/* Begin PBXVariantGroup section */
		6704008F04BF19DC3262DD61 /* InfoPlist.strings */ = {
			isa = PBXVariantGroup;
			children = (
				6704091AD5FFA40A1AD9D84B /* en */,
			);
			name = InfoPlist.strings;
			sourceTree = "<group>";
		};
		67040102ED8DCD575A5A2007 /* InfoPlist.strings */ = {
			isa = PBXVariantGroup;
			children = (
				67040A35470116C2C6404BDF /* en */,
			);
			name = InfoPlist.strings;
			sourceTree = "<group>";
		};
		67040C897D055BE2D4A2A862 /* ViewController.xib */ = {
			isa = PBXVariantGroup;
			children = (
				67040C502265E4375DC3DE90 /* en */,
			);
			name = ViewController.xib;
			sourceTree = "<group>";
		};
/* End PBXVariantGroup section */

/* Begin XCBuildConfiguration section */
		67040063BD7DB48CDF9D41C6 /* Release */ = {
			isa = XCBuildConfiguration;
			buildSettings = {
				ALWAYS_SEARCH_USER_PATHS = NO;
				CLANG_CXX_LANGUAGE_STANDARD = "gnu++0x";
				CLANG_CXX_LIBRARY = "libc++";
				CLANG_ENABLE_OBJC_ARC = YES;
				CLANG_WARN_EMPTY_BODY = YES;
				CLANG_WARN__DUPLICATE_METHOD_MATCH = YES;
				"CODE_SIGN_IDENTITY[sdk=iphoneos*]" = "iPhone Developer";
				COPY_PHASE_STRIP = YES;
				GCC_C_LANGUAGE_STANDARD = gnu99;
				GCC_WARN_ABOUT_RETURN_TYPE = YES;
				GCC_WARN_UNINITIALIZED_AUTOS = YES;
				GCC_WARN_UNUSED_VARIABLE = YES;
				IPHONEOS_DEPLOYMENT_TARGET = 6.0;
				OTHER_CFLAGS = "-DNS_BLOCK_ASSERTIONS=1";
				SDKROOT = iphoneos;
				VALIDATE_PRODUCT = YES;
			};
			name = Release;
		};
		6704024829A9F57DBF4442CD /* Debug */ = {
			isa = XCBuildConfiguration;
			buildSettings = {
				ALWAYS_SEARCH_USER_PATHS = NO;
				CLANG_CXX_LANGUAGE_STANDARD = "gnu++0x";
				CLANG_CXX_LIBRARY = "libc++";
				CLANG_ENABLE_OBJC_ARC = YES;
				CLANG_WARN_EMPTY_BODY = YES;
				CLANG_WARN__DUPLICATE_METHOD_MATCH = YES;
				"CODE_SIGN_IDENTITY[sdk=iphoneos*]" = "iPhone Developer";
				COPY_PHASE_STRIP = NO;
				GCC_C_LANGUAGE_STANDARD = gnu99;
				GCC_DYNAMIC_NO_PIC = NO;
				GCC_OPTIMIZATION_LEVEL = 0;
				GCC_PREPROCESSOR_DEFINITIONS = (
					"DEBUG=1",
					"$(inherited)",
				);
				GCC_SYMBOLS_PRIVATE_EXTERN = NO;
				GCC_WARN_ABOUT_RETURN_TYPE = YES;
				GCC_WARN_UNINITIALIZED_AUTOS = YES;
				GCC_WARN_UNUSED_VARIABLE = YES;
				IPHONEOS_DEPLOYMENT_TARGET = 6.0;
				ONLY_ACTIVE_ARCH = YES;
				SDKROOT = iphoneos;
			};
			name = Debug;
		};
		670404642CF34888CA6AA8E1 /* Release */ = {
			isa = XCBuildConfiguration;
			buildSettings = {
				GCC_PRECOMPILE_PREFIX_HEADER = YES;
				GCC_PREFIX_HEADER = "BankTransferTDDKata/BankTransferTDDKata-Prefix.pch";
				INFOPLIST_FILE = "BankTransferTDDKata/BankTransferTDDKata-Info.plist";
				LIBRARY_SEARCH_PATHS = "\"${PROJECT_DIR}/Libs/OCMock/iOS\"/**";
				PRODUCT_NAME = "$(TARGET_NAME)";
				WRAPPER_EXTENSION = app;
			};
			name = Release;
		};
		670409A1EC3DA91D0176A34E /* Debug */ = {
			isa = XCBuildConfiguration;
			buildSettings = {
				GCC_PRECOMPILE_PREFIX_HEADER = YES;
				GCC_PREFIX_HEADER = "BankTransferTDDKata/BankTransferTDDKata-Prefix.pch";
				INFOPLIST_FILE = "BankTransferTDDKata/BankTransferTDDKata-Info.plist";
				LIBRARY_SEARCH_PATHS = "\"${PROJECT_DIR}/Libs/OCMock/iOS\"/**";
				PRODUCT_NAME = "$(TARGET_NAME)";
				WRAPPER_EXTENSION = app;
			};
			name = Debug;
		};
		670409FAB7E3EF98E37B9A01 /* Release */ = {
			isa = XCBuildConfiguration;
			buildSettings = {
				BUNDLE_LOADER = "$(BUILT_PRODUCTS_DIR)/BankTransferTDDKata.app/BankTransferTDDKata";
				FRAMEWORK_SEARCH_PATHS = (
					"\"$(SDKROOT)/Developer/Library/Frameworks\"",
					"\"$(DEVELOPER_LIBRARY_DIR)/Frameworks\"",
				);
				GCC_PRECOMPILE_PREFIX_HEADER = YES;
				GCC_PREFIX_HEADER = "BankTransferTDDKata/BankTransferTDDKata-Prefix.pch";
				INFOPLIST_FILE = "BankTransferTDDKataTests/BankTransferTDDKataTests-Info.plist";
				LIBRARY_SEARCH_PATHS = (
					"Libs/OCMock/**",
				);
				OTHER_LDFLAGS = (
					"\"-force_load Libs/OCMock/libOCMock.a\"",
				);
				PRODUCT_NAME = "$(TARGET_NAME)";
				TEST_HOST = "$(BUNDLE_LOADER)";
				WRAPPER_EXTENSION = octest;
			};
			name = Release;
		};
		67040DE317E808ADE1363CB1 /* Debug */ = {
			isa = XCBuildConfiguration;
			buildSettings = {
				BUNDLE_LOADER = "$(BUILT_PRODUCTS_DIR)/BankTransferTDDKata.app/BankTransferTDDKata";
				FRAMEWORK_SEARCH_PATHS = (
					"\"$(SDKROOT)/Developer/Library/Frameworks\"",
					"\"$(DEVELOPER_LIBRARY_DIR)/Frameworks\"",
				);
				GCC_PRECOMPILE_PREFIX_HEADER = YES;
				GCC_PREFIX_HEADER = "BankTransferTDDKata/BankTransferTDDKata-Prefix.pch";
				INFOPLIST_FILE = "BankTransferTDDKataTests/BankTransferTDDKataTests-Info.plist";
				LIBRARY_SEARCH_PATHS = (
					"Libs/OCMock/**",
				);
				OTHER_LDFLAGS = (
					"\"-force_load Libs/OCMock/libOCMock.a\"",
				);
				PRODUCT_NAME = "$(TARGET_NAME)";
				TEST_HOST = "$(BUNDLE_LOADER)";
				WRAPPER_EXTENSION = octest;
			};
			name = Debug;
		};
/* End XCBuildConfiguration section */

/* Begin XCConfigurationList section */
		6704093244B6C0D1E3DF482B /* Build configuration list for PBXNativeTarget "BankTransferTDDKata" */ = {
			isa = XCConfigurationList;
			buildConfigurations = (
				670404642CF34888CA6AA8E1 /* Release */,
				670409A1EC3DA91D0176A34E /* Debug */,
			);
			defaultConfigurationIsVisible = 0;
		};
		67040B1BBFC02D23BD4343C6 /* Build configuration list for PBXNativeTarget "BankTransferTDDKataTests" */ = {
			isa = XCConfigurationList;
			buildConfigurations = (
				670409FAB7E3EF98E37B9A01 /* Release */,
				67040DE317E808ADE1363CB1 /* Debug */,
			);
			defaultConfigurationIsVisible = 0;
		};
		67040D730CD512FD899B960F /* Build configuration list for PBXProject "BankTransferTDDKata" */ = {
			isa = XCConfigurationList;
			buildConfigurations = (
				67040063BD7DB48CDF9D41C6 /* Release */,
				6704024829A9F57DBF4442CD /* Debug */,
			);
			defaultConfigurationIsVisible = 0;
			defaultConfigurationName = Release;
		};
/* End XCConfigurationList section */
	};
	rootObject = 670402EE113C3C975402A28F /* Project object */;
}
