<?xml version="1.0" encoding="UTF-8"?>
<Scheme
   version = "1.3">
   <BuildAction>
      <BuildActionEntries>
         <BuildActionEntry
            buildForRunning = "YES">
            <BuildableReference
               BuildableIdentifier = "primary"
               BlueprintIdentifier = "670401BB6599907EA824EA51"
               BuildableName = "AccountTransferMVPApp.app"
               BlueprintName = "AccountTransferMVPApp"
               ReferencedContainer = "container:AccountTransferMVPApp.xcodeproj">
            </BuildableReference>
         </BuildActionEntry>
      </BuildActionEntries>
   </BuildAction>
   <LaunchAction
      useCustomWorkingDirectory = "NO"
      buildConfiguration = "Debug">
      <BuildableProductRunnable>
         <BuildableReference
            BuildableIdentifier = "primary"
            BlueprintIdentifier = "670401BB6599907EA824EA51"
            BuildableName = "AccountTransferMVPApp.app"
            BlueprintName = "AccountTransferMVPApp"
            ReferencedContainer = "container:AccountTransferMVPApp.xcodeproj">
         </BuildableReference>
      </BuildableProductRunnable>
   </LaunchAction>
</Scheme>
