<?xml version="1.0" encoding="UTF-8"?>
<Scheme
   version = "1.3">
   <BuildAction>
      <BuildActionEntries>
         <BuildActionEntry
            buildForRunning = "YES"
            buildForTesting = "YES">
            <BuildableReference
               BuildableIdentifier = "primary"
               BlueprintIdentifier = "670405C16CE35E261F6C5057"
               BuildableName = "AccountTransferMVPAppTests.octest"
               BlueprintName = "AccountTransferMVPAppTests"
               ReferencedContainer = "container:AccountTransferMVPApp.xcodeproj">
            </BuildableReference>
         </BuildActionEntry>
      </BuildActionEntries>
   </BuildAction>
   <TestAction
      buildConfiguration = "Debug">
      <Testables>
         <TestableReference>
            <BuildableReference
               BuildableIdentifier = "primary"
               BlueprintIdentifier = "670405C16CE35E261F6C5057"
               BuildableName = "AccountTransferMVPAppTests.octest"
               BlueprintName = "AccountTransferMVPAppTests"
               ReferencedContainer = "container:AccountTransferMVPApp.xcodeproj">
            </BuildableReference>
         </TestableReference>
      </Testables>
   </TestAction>
   <LaunchAction
      useCustomWorkingDirectory = "NO">
   </LaunchAction>
</Scheme>
